dependencies:
- name: nfs-subdir-external-provisioner
  repository: https://kubernetes-sigs.github.io/nfs-subdir-external-provisioner
  version: 4.0.16
- name: kubelet-csr-approver
  repository: https://postfinance.github.io/kubelet-csr-approver
  version: 0.2.3
digest: sha256:d3e1e2d0a31bbf246e1a89028ef9437c34a1f04c714fcb43276a86e9fe216a9f
generated: "2022-07-16T08:50:22.897843+03:00"
